// !$*UTF8*$!
{
	archiveVersion = 1;
	classes = {
	};
	objectVersion = 46;
	objects = {

/* Begin PBXBuildFile section */
		7426C3BD1174F0D1034B9442 /* NSObject+Memoization.m in Sources */ = {isa = PBXBuildFile; fileRef = 7426C534E0B66D865E2645A3 /* NSObject+Memoization.m */; };
		7426C7B6D4D5C920C0ED3868 /* TJLMemoizedFunction.m in Sources */ = {isa = PBXBuildFile; fileRef = 7426C7B4F5F58297EBE723B4 /* TJLMemoizedFunction.m */; };
		DBC1A60818C96006007F7326 /* Foundation.framework in Frameworks */ = {isa = PBXBuildFile; fileRef = DBC1A60718C96006007F7326 /* Foundation.framework */; };
		DBC1A60A18C96006007F7326 /* CoreGraphics.framework in Frameworks */ = {isa = PBXBuildFile; fileRef = DBC1A60918C96006007F7326 /* CoreGraphics.framework */; };
		DBC1A60C18C96006007F7326 /* UIKit.framework in Frameworks */ = {isa = PBXBuildFile; fileRef = DBC1A60B18C96006007F7326 /* UIKit.framework */; };
		DBC1A61218C96006007F7326 /* InfoPlist.strings in Resources */ = {isa = PBXBuildFile; fileRef = DBC1A61018C96006007F7326 /* InfoPlist.strings */; };
		DBC1A61418C96006007F7326 /* main.m in Sources */ = {isa = PBXBuildFile; fileRef = DBC1A61318C96006007F7326 /* main.m */; };
		DBC1A61818C96006007F7326 /* TJLAppDelegate.m in Sources */ = {isa = PBXBuildFile; fileRef = DBC1A61718C96006007F7326 /* TJLAppDelegate.m */; };
		DBC1A61B18C96006007F7326 /* Main.storyboard in Resources */ = {isa = PBXBuildFile; fileRef = DBC1A61918C96006007F7326 /* Main.storyboard */; };
		DBC1A61E18C96006007F7326 /* TJLViewController.m in Sources */ = {isa = PBXBuildFile; fileRef = DBC1A61D18C96006007F7326 /* TJLViewController.m */; };
		DBC1A62018C96006007F7326 /* Images.xcassets in Resources */ = {isa = PBXBuildFile; fileRef = DBC1A61F18C96006007F7326 /* Images.xcassets */; };
		DBC1A62718C96007007F7326 /* XCTest.framework in Frameworks */ = {isa = PBXBuildFile; fileRef = DBC1A62618C96007007F7326 /* XCTest.framework */; };
		DBC1A62818C96007007F7326 /* Foundation.framework in Frameworks */ = {isa = PBXBuildFile; fileRef = DBC1A60718C96006007F7326 /* Foundation.framework */; };
		DBC1A62918C96007007F7326 /* UIKit.framework in Frameworks */ = {isa = PBXBuildFile; fileRef = DBC1A60B18C96006007F7326 /* UIKit.framework */; };
		DBC1A63118C96007007F7326 /* InfoPlist.strings in Resources */ = {isa = PBXBuildFile; fileRef = DBC1A62F18C96007007F7326 /* InfoPlist.strings */; };
		DBC1A63318C96007007F7326 /* TJLMemoizationTests.m in Sources */ = {isa = PBXBuildFile; fileRef = DBC1A63218C96007007F7326 /* TJLMemoizationTests.m */; };
		DBC1A64318C971E6007F7326 /* document.txt in Resources */ = {isa = PBXBuildFile; fileRef = DBC1A64218C971E6007F7326 /* document.txt */; };
/* End PBXBuildFile section */

/* Begin PBXContainerItemProxy section */
		DBC1A62A18C96007007F7326 /* PBXContainerItemProxy */ = {
			isa = PBXContainerItemProxy;
			containerPortal = DBC1A5FC18C96006007F7326 /* Project object */;
			proxyType = 1;
			remoteGlobalIDString = DBC1A60318C96006007F7326;
			remoteInfo = TJLMemoization;
		};
/* End PBXContainerItemProxy section */

/* Begin PBXFileReference section */
		7426C534E0B66D865E2645A3 /* NSObject+Memoization.m */ = {isa = PBXFileReference; fileEncoding = 4; lastKnownFileType = sourcecode.c.objc; path = "NSObject+Memoization.m"; sourceTree = "<group>"; };
		7426C7B4F5F58297EBE723B4 /* TJLMemoizedFunction.m */ = {isa = PBXFileReference; fileEncoding = 4; lastKnownFileType = sourcecode.c.objc; path = TJLMemoizedFunction.m; sourceTree = "<group>"; };
		7426CBDF816DDA135D5FE5BC /* TJLMemoizedFunction.h */ = {isa = PBXFileReference; fileEncoding = 4; lastKnownFileType = sourcecode.c.h; path = TJLMemoizedFunction.h; sourceTree = "<group>"; };
		7426CE70C993FA86B9B7894F /* NSObject+Memoization.h */ = {isa = PBXFileReference; fileEncoding = 4; lastKnownFileType = sourcecode.c.h; path = "NSObject+Memoization.h"; sourceTree = "<group>"; };
		DBC1A60418C96006007F7326 /* TJLMemoization.app */ = {isa = PBXFileReference; explicitFileType = wrapper.application; includeInIndex = 0; path = TJLMemoization.app; sourceTree = BUILT_PRODUCTS_DIR; };
		DBC1A60718C96006007F7326 /* Foundation.framework */ = {isa = PBXFileReference; lastKnownFileType = wrapper.framework; name = Foundation.framework; path = System/Library/Frameworks/Foundation.framework; sourceTree = SDKROOT; };
		DBC1A60918C96006007F7326 /* CoreGraphics.framework */ = {isa = PBXFileReference; lastKnownFileType = wrapper.framework; name = CoreGraphics.framework; path = System/Library/Frameworks/CoreGraphics.framework; sourceTree = SDKROOT; };
		DBC1A60B18C96006007F7326 /* UIKit.framework */ = {isa = PBXFileReference; lastKnownFileType = wrapper.framework; name = UIKit.framework; path = System/Library/Frameworks/UIKit.framework; sourceTree = SDKROOT; };
		DBC1A60F18C96006007F7326 /* TJLMemoization-Info.plist */ = {isa = PBXFileReference; lastKnownFileType = text.plist.xml; path = "TJLMemoization-Info.plist"; sourceTree = "<group>"; };
		DBC1A61118C96006007F7326 /* en */ = {isa = PBXFileReference; lastKnownFileType = text.plist.strings; name = en; path = en.lproj/InfoPlist.strings; sourceTree = "<group>"; };
		DBC1A61318C96006007F7326 /* main.m */ = {isa = PBXFileReference; lastKnownFileType = sourcecode.c.objc; path = main.m; sourceTree = "<group>"; };
		DBC1A61518C96006007F7326 /* TJLMemoization-Prefix.pch */ = {isa = PBXFileReference; lastKnownFileType = sourcecode.c.h; path = "TJLMemoization-Prefix.pch"; sourceTree = "<group>"; };
		DBC1A61618C96006007F7326 /* TJLAppDelegate.h */ = {isa = PBXFileReference; lastKnownFileType = sourcecode.c.h; path = TJLAppDelegate.h; sourceTree = "<group>"; };
		DBC1A61718C96006007F7326 /* TJLAppDelegate.m */ = {isa = PBXFileReference; lastKnownFileType = sourcecode.c.objc; path = TJLAppDelegate.m; sourceTree = "<group>"; };
		DBC1A61A18C96006007F7326 /* Base */ = {isa = PBXFileReference; lastKnownFileType = file.storyboard; name = Base; path = Base.lproj/Main.storyboard; sourceTree = "<group>"; };
		DBC1A61C18C96006007F7326 /* TJLViewController.h */ = {isa = PBXFileReference; lastKnownFileType = sourcecode.c.h; path = TJLViewController.h; sourceTree = "<group>"; };
		DBC1A61D18C96006007F7326 /* TJLViewController.m */ = {isa = PBXFileReference; lastKnownFileType = sourcecode.c.objc; path = TJLViewController.m; sourceTree = "<group>"; };
		DBC1A61F18C96006007F7326 /* Images.xcassets */ = {isa = PBXFileReference; lastKnownFileType = folder.assetcatalog; path = Images.xcassets; sourceTree = "<group>"; };
		DBC1A62518C96007007F7326 /* TJLMemoizationTests.xctest */ = {isa = PBXFileReference; explicitFileType = wrapper.cfbundle; includeInIndex = 0; path = TJLMemoizationTests.xctest; sourceTree = BUILT_PRODUCTS_DIR; };
		DBC1A62618C96007007F7326 /* XCTest.framework */ = {isa = PBXFileReference; lastKnownFileType = wrapper.framework; name = XCTest.framework; path = Library/Frameworks/XCTest.framework; sourceTree = DEVELOPER_DIR; };
		DBC1A62E18C96007007F7326 /* TJLMemoizationTests-Info.plist */ = {isa = PBXFileReference; lastKnownFileType = text.plist.xml; path = "TJLMemoizationTests-Info.plist"; sourceTree = "<group>"; };
		DBC1A63018C96007007F7326 /* en */ = {isa = PBXFileReference; lastKnownFileType = text.plist.strings; name = en; path = en.lproj/InfoPlist.strings; sourceTree = "<group>"; };
		DBC1A63218C96007007F7326 /* TJLMemoizationTests.m */ = {isa = PBXFileReference; lastKnownFileType = sourcecode.c.objc; path = TJLMemoizationTests.m; sourceTree = "<group>"; };
		DBC1A64218C971E6007F7326 /* document.txt */ = {isa = PBXFileReference; fileEncoding = 4; lastKnownFileType = text; path = document.txt; sourceTree = "<group>"; };
/* End PBXFileReference section */

/* Begin PBXFrameworksBuildPhase section */
		DBC1A60118C96006007F7326 /* Frameworks */ = {
			isa = PBXFrameworksBuildPhase;
			buildActionMask = 2147483647;
			files = (
				DBC1A60A18C96006007F7326 /* CoreGraphics.framework in Frameworks */,
				DBC1A60C18C96006007F7326 /* UIKit.framework in Frameworks */,
				DBC1A60818C96006007F7326 /* Foundation.framework in Frameworks */,
			);
			runOnlyForDeploymentPostprocessing = 0;
		};
		DBC1A62218C96007007F7326 /* Frameworks */ = {
			isa = PBXFrameworksBuildPhase;
			buildActionMask = 2147483647;
			files = (
				DBC1A62718C96007007F7326 /* XCTest.framework in Frameworks */,
				DBC1A62918C96007007F7326 /* UIKit.framework in Frameworks */,
				DBC1A62818C96007007F7326 /* Foundation.framework in Frameworks */,
			);
			runOnlyForDeploymentPostprocessing = 0;
		};
/* End PBXFrameworksBuildPhase section */

/* Begin PBXGroup section */
		7426C92168F232E7079FAA88 /* Source */ = {
			isa = PBXGroup;
			children = (
				7426CE70C993FA86B9B7894F /* NSObject+Memoization.h */,
				7426C534E0B66D865E2645A3 /* NSObject+Memoization.m */,
				7426C7B4F5F58297EBE723B4 /* TJLMemoizedFunction.m */,
				7426CBDF816DDA135D5FE5BC /* TJLMemoizedFunction.h */,
			);
			path = Source;
			sourceTree = "<group>";
		};
		DBC1A5FB18C96006007F7326 = {
			isa = PBXGroup;
			children = (
				DBC1A60D18C96006007F7326 /* TJLMemoization */,
				DBC1A62C18C96007007F7326 /* TJLMemoizationTests */,
				DBC1A60618C96006007F7326 /* Frameworks */,
				DBC1A60518C96006007F7326 /* Products */,
			);
			sourceTree = "<group>";
		};
		DBC1A60518C96006007F7326 /* Products */ = {
			isa = PBXGroup;
			children = (
				DBC1A60418C96006007F7326 /* TJLMemoization.app */,
				DBC1A62518C96007007F7326 /* TJLMemoizationTests.xctest */,
			);
			name = Products;
			sourceTree = "<group>";
		};
		DBC1A60618C96006007F7326 /* Frameworks */ = {
			isa = PBXGroup;
			children = (
				DBC1A60718C96006007F7326 /* Foundation.framework */,
				DBC1A60918C96006007F7326 /* CoreGraphics.framework */,
				DBC1A60B18C96006007F7326 /* UIKit.framework */,
				DBC1A62618C96007007F7326 /* XCTest.framework */,
			);
			name = Frameworks;
			sourceTree = "<group>";
		};
		DBC1A60D18C96006007F7326 /* TJLMemoization */ = {
			isa = PBXGroup;
			children = (
				DBC1A64218C971E6007F7326 /* document.txt */,
				DBC1A61618C96006007F7326 /* TJLAppDelegate.h */,
				DBC1A61718C96006007F7326 /* TJLAppDelegate.m */,
				DBC1A61918C96006007F7326 /* Main.storyboard */,
				DBC1A61C18C96006007F7326 /* TJLViewController.h */,
				DBC1A61D18C96006007F7326 /* TJLViewController.m */,
				DBC1A61F18C96006007F7326 /* Images.xcassets */,
				DBC1A60E18C96006007F7326 /* Supporting Files */,
				7426C92168F232E7079FAA88 /* Source */,
			);
			path = TJLMemoization;
			sourceTree = "<group>";
		};
		DBC1A60E18C96006007F7326 /* Supporting Files */ = {
			isa = PBXGroup;
			children = (
				DBC1A60F18C96006007F7326 /* TJLMemoization-Info.plist */,
				DBC1A61018C96006007F7326 /* InfoPlist.strings */,
				DBC1A61318C96006007F7326 /* main.m */,
				DBC1A61518C96006007F7326 /* TJLMemoization-Prefix.pch */,
			);
			name = "Supporting Files";
			sourceTree = "<group>";
		};
		DBC1A62C18C96007007F7326 /* TJLMemoizationTests */ = {
			isa = PBXGroup;
			children = (
				DBC1A63218C96007007F7326 /* TJLMemoizationTests.m */,
				DBC1A62D18C96007007F7326 /* Supporting Files */,
			);
			path = TJLMemoizationTests;
			sourceTree = "<group>";
		};
		DBC1A62D18C96007007F7326 /* Supporting Files */ = {
			isa = PBXGroup;
			children = (
				DBC1A62E18C96007007F7326 /* TJLMemoizationTests-Info.plist */,
				DBC1A62F18C96007007F7326 /* InfoPlist.strings */,
			);
			name = "Supporting Files";
			sourceTree = "<group>";
		};
/* End PBXGroup section */

/* Begin PBXNativeTarget section */
		DBC1A60318C96006007F7326 /* TJLMemoization */ = {
			isa = PBXNativeTarget;
			buildConfigurationList = DBC1A63618C96007007F7326 /* Build configuration list for PBXNativeTarget "TJLMemoization" */;
			buildPhases = (
				DBC1A60018C96006007F7326 /* Sources */,
				DBC1A60118C96006007F7326 /* Frameworks */,
				DBC1A60218C96006007F7326 /* Resources */,
			);
			buildRules = (
			);
			dependencies = (
			);
			name = TJLMemoization;
			productName = TJLMemoization;
			productReference = DBC1A60418C96006007F7326 /* TJLMemoization.app */;
			productType = "com.apple.product-type.application";
		};
		DBC1A62418C96007007F7326 /* TJLMemoizationTests */ = {
			isa = PBXNativeTarget;
			buildConfigurationList = DBC1A63918C96007007F7326 /* Build configuration list for PBXNativeTarget "TJLMemoizationTests" */;
			buildPhases = (
				DBC1A62118C96007007F7326 /* Sources */,
				DBC1A62218C96007007F7326 /* Frameworks */,
				DBC1A62318C96007007F7326 /* Resources */,
			);
			buildRules = (
			);
			dependencies = (
				DBC1A62B18C96007007F7326 /* PBXTargetDependency */,
			);
			name = TJLMemoizationTests;
			productName = TJLMemoizationTests;
			productReference = DBC1A62518C96007007F7326 /* TJLMemoizationTests.xctest */;
			productType = "com.apple.product-type.bundle.unit-test";
		};
/* End PBXNativeTarget section */

/* Begin PBXProject section */
		DBC1A5FC18C96006007F7326 /* Project object */ = {
			isa = PBXProject;
			attributes = {
				CLASSPREFIX = TJL;
				LastUpgradeCheck = 0500;
				ORGANIZATIONNAME = "Blue Plover Productions LLC";
				TargetAttributes = {
					DBC1A62418C96007007F7326 = {
						TestTargetID = DBC1A60318C96006007F7326;
					};
				};
			};
			buildConfigurationList = DBC1A5FF18C96006007F7326 /* Build configuration list for PBXProject "TJLMemoization" */;
			compatibilityVersion = "Xcode 3.2";
			developmentRegion = English;
			hasScannedForEncodings = 0;
			knownRegions = (
				en,
				Base,
			);
			mainGroup = DBC1A5FB18C96006007F7326;
			productRefGroup = DBC1A60518C96006007F7326 /* Products */;
			projectDirPath = "";
			projectRoot = "";
			targets = (
				DBC1A60318C96006007F7326 /* TJLMemoization */,
				DBC1A62418C96007007F7326 /* TJLMemoizationTests */,
			);
		};
/* End PBXProject section */

/* Begin PBXResourcesBuildPhase section */
		DBC1A60218C96006007F7326 /* Resources */ = {
			isa = PBXResourcesBuildPhase;
			buildActionMask = 2147483647;
			files = (
				DBC1A62018C96006007F7326 /* Images.xcassets in Resources */,
				DBC1A64318C971E6007F7326 /* document.txt in Resources */,
				DBC1A61218C96006007F7326 /* InfoPlist.strings in Resources */,
				DBC1A61B18C96006007F7326 /* Main.storyboard in Resources */,
			);
			runOnlyForDeploymentPostprocessing = 0;
		};
		DBC1A62318C96007007F7326 /* Resources */ = {
			isa = PBXResourcesBuildPhase;
			buildActionMask = 2147483647;
			files = (
				DBC1A63118C96007007F7326 /* InfoPlist.strings in Resources */,
			);
			runOnlyForDeploymentPostprocessing = 0;
		};
/* End PBXResourcesBuildPhase section */

/* Begin PBXSourcesBuildPhase section */
		DBC1A60018C96006007F7326 /* Sources */ = {
			isa = PBXSourcesBuildPhase;
			buildActionMask = 2147483647;
			files = (
				DBC1A61E18C96006007F7326 /* TJLViewController.m in Sources */,
				DBC1A61418C96006007F7326 /* main.m in Sources */,
				DBC1A61818C96006007F7326 /* TJLAppDelegate.m in Sources */,
				7426C3BD1174F0D1034B9442 /* NSObject+Memoization.m in Sources */,
				7426C7B6D4D5C920C0ED3868 /* TJLMemoizedFunction.m in Sources */,
			);
			runOnlyForDeploymentPostprocessing = 0;
		};
		DBC1A62118C96007007F7326 /* Sources */ = {
			isa = PBXSourcesBuildPhase;
			buildActionMask = 2147483647;
			files = (
				DBC1A63318C96007007F7326 /* TJLMemoizationTests.m in Sources */,
			);
			runOnlyForDeploymentPostprocessing = 0;
		};
/* End PBXSourcesBuildPhase section */

/* Begin PBXTargetDependency section */
		DBC1A62B18C96007007F7326 /* PBXTargetDependency */ = {
			isa = PBXTargetDependency;
			target = DBC1A60318C96006007F7326 /* TJLMemoization */;
			targetProxy = DBC1A62A18C96007007F7326 /* PBXContainerItemProxy */;
		};
/* End PBXTargetDependency section */

/* Begin PBXVariantGroup section */
		DBC1A61018C96006007F7326 /* InfoPlist.strings */ = {
			isa = PBXVariantGroup;
			children = (
				DBC1A61118C96006007F7326 /* en */,
			);
			name = InfoPlist.strings;
			sourceTree = "<group>";
		};
		DBC1A61918C96006007F7326 /* Main.storyboard */ = {
			isa = PBXVariantGroup;
			children = (
				DBC1A61A18C96006007F7326 /* Base */,
			);
			name = Main.storyboard;
			sourceTree = "<group>";
		};
		DBC1A62F18C96007007F7326 /* InfoPlist.strings */ = {
			isa = PBXVariantGroup;
			children = (
				DBC1A63018C96007007F7326 /* en */,
			);
			name = InfoPlist.strings;
			sourceTree = "<group>";
		};
/* End PBXVariantGroup section */

/* Begin XCBuildConfiguration section */
		DBC1A63418C96007007F7326 /* Debug */ = {
			isa = XCBuildConfiguration;
			buildSettings = {
				ALWAYS_SEARCH_USER_PATHS = NO;
				ARCHS = "$(ARCHS_STANDARD_INCLUDING_64_BIT)";
				CLANG_CXX_LANGUAGE_STANDARD = "gnu++0x";
				CLANG_CXX_LIBRARY = "libc++";
				CLANG_ENABLE_MODULES = YES;
				CLANG_ENABLE_OBJC_ARC = YES;
				CLANG_WARN_BOOL_CONVERSION = YES;
				CLANG_WARN_CONSTANT_CONVERSION = YES;
				CLANG_WARN_DIRECT_OBJC_ISA_USAGE = YES_ERROR;
				CLANG_WARN_EMPTY_BODY = YES;
				CLANG_WARN_ENUM_CONVERSION = YES;
				CLANG_WARN_INT_CONVERSION = YES;
				CLANG_WARN_OBJC_ROOT_CLASS = YES_ERROR;
				CLANG_WARN__DUPLICATE_METHOD_MATCH = YES;
				"CODE_SIGN_IDENTITY[sdk=iphoneos*]" = "iPhone Developer";
				COPY_PHASE_STRIP = NO;
				GCC_C_LANGUAGE_STANDARD = gnu99;
				GCC_DYNAMIC_NO_PIC = NO;
				GCC_OPTIMIZATION_LEVEL = 0;
				GCC_PREPROCESSOR_DEFINITIONS = (
					"DEBUG=1",
					"$(inherited)",
				);
				GCC_SYMBOLS_PRIVATE_EXTERN = NO;
				GCC_WARN_64_TO_32_BIT_CONVERSION = YES;
				GCC_WARN_ABOUT_RETURN_TYPE = YES_ERROR;
				GCC_WARN_UNDECLARED_SELECTOR = YES;
				GCC_WARN_UNINITIALIZED_AUTOS = YES;
				GCC_WARN_UNUSED_FUNCTION = YES;
				GCC_WARN_UNUSED_VARIABLE = YES;
				IPHONEOS_DEPLOYMENT_TARGET = 7.0;
				ONLY_ACTIVE_ARCH = YES;
				SDKROOT = iphoneos;
			};
			name = Debug;
		};
		DBC1A63518C96007007F7326 /* Release */ = {
			isa = XCBuildConfiguration;
			buildSettings = {
				ALWAYS_SEARCH_USER_PATHS = NO;
				ARCHS = "$(ARCHS_STANDARD_INCLUDING_64_BIT)";
				CLANG_CXX_LANGUAGE_STANDARD = "gnu++0x";
				CLANG_CXX_LIBRARY = "libc++";
				CLANG_ENABLE_MODULES = YES;
				CLANG_ENABLE_OBJC_ARC = YES;
				CLANG_WARN_BOOL_CONVERSION = YES;
				CLANG_WARN_CONSTANT_CONVERSION = YES;
				CLANG_WARN_DIRECT_OBJC_ISA_USAGE = YES_ERROR;
				CLANG_WARN_EMPTY_BODY = YES;
				CLANG_WARN_ENUM_CONVERSION = YES;
				CLANG_WARN_INT_CONVERSION = YES;
				CLANG_WARN_OBJC_ROOT_CLASS = YES_ERROR;
				CLANG_WARN__DUPLICATE_METHOD_MATCH = YES;
				"CODE_SIGN_IDENTITY[sdk=iphoneos*]" = "iPhone Developer";
				COPY_PHASE_STRIP = YES;
				ENABLE_NS_ASSERTIONS = NO;
				GCC_C_LANGUAGE_STANDARD = gnu99;
				GCC_WARN_64_TO_32_BIT_CONVERSION = YES;
				GCC_WARN_ABOUT_RETURN_TYPE = YES_ERROR;
				GCC_WARN_UNDECLARED_SELECTOR = YES;
				GCC_WARN_UNINITIALIZED_AUTOS = YES;
				GCC_WARN_UNUSED_FUNCTION = YES;
				GCC_WARN_UNUSED_VARIABLE = YES;
				IPHONEOS_DEPLOYMENT_TARGET = 7.0;
				SDKROOT = iphoneos;
				VALIDATE_PRODUCT = YES;
			};
			name = Release;
		};
		DBC1A63718C96007007F7326 /* Debug */ = {
			isa = XCBuildConfiguration;
			buildSettings = {
				ASSETCATALOG_COMPILER_APPICON_NAME = AppIcon;
				ASSETCATALOG_COMPILER_LAUNCHIMAGE_NAME = LaunchImage;
				GCC_PRECOMPILE_PREFIX_HEADER = YES;
				GCC_PREFIX_HEADER = "TJLMemoization/TJLMemoization-Prefix.pch";
				INFOPLIST_FILE = "TJLMemoization/TJLMemoization-Info.plist";
				PRODUCT_NAME = "$(TARGET_NAME)";
				WRAPPER_EXTENSION = app;
			};
			name = Debug;
		};
		DBC1A63818C96007007F7326 /* Release */ = {
			isa = XCBuildConfiguration;
			buildSettings = {
				ASSETCATALOG_COMPILER_APPICON_NAME = AppIcon;
				ASSETCATALOG_COMPILER_LAUNCHIMAGE_NAME = LaunchImage;
				GCC_PRECOMPILE_PREFIX_HEADER = YES;
				GCC_PREFIX_HEADER = "TJLMemoization/TJLMemoization-Prefix.pch";
				INFOPLIST_FILE = "TJLMemoization/TJLMemoization-Info.plist";
				PRODUCT_NAME = "$(TARGET_NAME)";
				WRAPPER_EXTENSION = app;
			};
			name = Release;
		};
		DBC1A63A18C96007007F7326 /* Debug */ = {
			isa = XCBuildConfiguration;
			buildSettings = {
				ARCHS = "$(ARCHS_STANDARD_INCLUDING_64_BIT)";
				BUNDLE_LOADER = "$(BUILT_PRODUCTS_DIR)/TJLMemoization.app/TJLMemoization";
				FRAMEWORK_SEARCH_PATHS = (
					"$(SDKROOT)/Developer/Library/Frameworks",
					"$(inherited)",
					"$(DEVELOPER_FRAMEWORKS_DIR)",
				);
				GCC_PRECOMPILE_PREFIX_HEADER = YES;
				GCC_PREFIX_HEADER = "TJLMemoization/TJLMemoization-Prefix.pch";
				GCC_PREPROCESSOR_DEFINITIONS = (
					"DEBUG=1",
					"$(inherited)",
				);
				INFOPLIST_FILE = "TJLMemoizationTests/TJLMemoizationTests-Info.plist";
				PRODUCT_NAME = "$(TARGET_NAME)";
				TEST_HOST = "$(BUNDLE_LOADER)";
				WRAPPER_EXTENSION = xctest;
			};
			name = Debug;
		};
		DBC1A63B18C96007007F7326 /* Release */ = {
			isa = XCBuildConfiguration;
			buildSettings = {
				ARCHS = "$(ARCHS_STANDARD_INCLUDING_64_BIT)";
				BUNDLE_LOADER = "$(BUILT_PRODUCTS_DIR)/TJLMemoization.app/TJLMemoization";
				FRAMEWORK_SEARCH_PATHS = (
					"$(SDKROOT)/Developer/Library/Frameworks",
					"$(inherited)",
					"$(DEVELOPER_FRAMEWORKS_DIR)",
				);
				GCC_PRECOMPILE_PREFIX_HEADER = YES;
				GCC_PREFIX_HEADER = "TJLMemoization/TJLMemoization-Prefix.pch";
				INFOPLIST_FILE = "TJLMemoizationTests/TJLMemoizationTests-Info.plist";
				PRODUCT_NAME = "$(TARGET_NAME)";
				TEST_HOST = "$(BUNDLE_LOADER)";
				WRAPPER_EXTENSION = xctest;
			};
			name = Release;
		};
/* End XCBuildConfiguration section */

/* Begin XCConfigurationList section */
		DBC1A5FF18C96006007F7326 /* Build configuration list for PBXProject "TJLMemoization" */ = {
			isa = XCConfigurationList;
			buildConfigurations = (
				DBC1A63418C96007007F7326 /* Debug */,
				DBC1A63518C96007007F7326 /* Release */,
			);
			defaultConfigurationIsVisible = 0;
			defaultConfigurationName = Release;
		};
		DBC1A63618C96007007F7326 /* Build configuration list for PBXNativeTarget "TJLMemoization" */ = {
			isa = XCConfigurationList;
			buildConfigurations = (
				DBC1A63718C96007007F7326 /* Debug */,
				DBC1A63818C96007007F7326 /* Release */,
			);
			defaultConfigurationIsVisible = 0;
		};
		DBC1A63918C96007007F7326 /* Build configuration list for PBXNativeTarget "TJLMemoizationTests" */ = {
			isa = XCConfigurationList;
			buildConfigurations = (
				DBC1A63A18C96007007F7326 /* Debug */,
				DBC1A63B18C96007007F7326 /* Release */,
			);
			defaultConfigurationIsVisible = 0;
		};
/* End XCConfigurationList section */
	};
	rootObject = DBC1A5FC18C96006007F7326 /* Project object */;
}
